
Microsoft Visual Studio Solution File, Format Version 12.00
# Visual Studio Version 17
VisualStudioVersion = 17.6.33723.286
MinimumVisualStudioVersion = 10.0.40219.1
Project("{FAE04EC0-301F-11D3-BF4B-00C04F79EFBC}") = "RH-Project", "RH-Project\RH-Project.csproj", "{1EDBFC02-7117-4ACA-9221-89DEB83ED48C}"
EndProject
Global
	GlobalSection(SolutionConfigurationPlatforms) = preSolution
		Debug|Any CPU = Debug|Any CPU
		Release|Any CPU = Release|Any CPU
	EndGlobalSection
	GlobalSection(ProjectConfigurationPlatforms) = postSolution
		{1EDBFC02-7117-4ACA-9221-89DEB83ED48C}.Debug|Any CPU.ActiveCfg = Debug|Any CPU
		{1EDBFC02-7117-4ACA-9221-89DEB83ED48C}.Debug|Any CPU.Build.0 = Debug|Any CPU
		{1EDBFC02-7117-4ACA-9221-89DEB83ED48C}.Release|Any CPU.ActiveCfg = Release|Any CPU
		{1EDBFC02-7117-4ACA-9221-89DEB83ED48C}.Release|Any CPU.Build.0 = Release|Any CPU
	EndGlobalSection
	GlobalSection(SolutionProperties) = preSolution
		HideSolutionNode = FALSE
	EndGlobalSection
	GlobalSection(ExtensibilityGlobals) = postSolution
		SolutionGuid = {675B6A2C-C4CF-45FC-B53E-A435D7E1B8F9}
	EndGlobalSection
EndGlobal
